<?xml version="1.0" encoding="utf-8"?>
<Project ToolsVersion="17.0" xmlns="http://schemas.microsoft.com/developer/msbuild/2003">
  <ItemGroup>
    <CustomBuild Include="C:\Users\hp\StudioProjects\flutter_dashboard_ui_app\build\windows\CMakeFiles\663d379dc98e6501e80c9d5e8e49f0f0\flutter_windows.dll.rule">
      <Filter>CMake Rules</Filter>
    </CustomBuild>
    <CustomBuild Include="C:\Users\hp\StudioProjects\flutter_dashboard_ui_app\build\windows\CMakeFiles\05ab9d3c4849176cd118968a92bbe814\flutter_assemble.rule">
      <Filter>CMake Rules</Filter>
    </CustomBuild>
    <CustomBuild Include="C:\Users\hp\StudioProjects\flutter_dashboard_ui_app\windows\flutter\CMakeLists.txt" />
  </ItemGroup>
  <ItemGroup>
    <None Include="C:\Users\hp\StudioProjects\flutter_dashboard_ui_app\build\windows\flutter\CMakeFiles\flutter_assemble" />
  </ItemGroup>
  <ItemGroup>
    <Filter Include="CMake Rules">
      <UniqueIdentifier>{2654030F-927C-3BD2-A13C-8E869EBFFF13}</UniqueIdentifier>
    </Filter>
  </ItemGroup>
</Project>
